
Microsoft Visual Studio Solution File, Format Version 12.00
# Visual Studio 15
VisualStudioVersion = 15.0.28307.421
MinimumVisualStudioVersion = 10.0.40219.1
Project("{FAE04EC0-301F-11D3-BF4B-00C04F79EFBC}") = "SlowCheetahDemo", "SlowCheetahDemo\SlowCheetahDemo.csproj", "{9BB8AE18-780A-4947-9DE5-2331128A87EF}"
EndProject
Global
	GlobalSection(SolutionConfigurationPlatforms) = preSolution
		Debug|Any CPU = Debug|Any CPU
		Release|Any CPU = Release|Any CPU
	EndGlobalSection
	GlobalSection(ProjectConfigurationPlatforms) = postSolution
		{9BB8AE18-780A-4947-9DE5-2331128A87EF}.Debug|Any CPU.ActiveCfg = Debug|Any CPU
		{9BB8AE18-780A-4947-9DE5-2331128A87EF}.Debug|Any CPU.Build.0 = Debug|Any CPU
		{9BB8AE18-780A-4947-9DE5-2331128A87EF}.Release|Any CPU.ActiveCfg = Release|Any CPU
		{9BB8AE18-780A-4947-9DE5-2331128A87EF}.Release|Any CPU.Build.0 = Release|Any CPU
	EndGlobalSection
	GlobalSection(SolutionProperties) = preSolution
		HideSolutionNode = FALSE
	EndGlobalSection
	GlobalSection(ExtensibilityGlobals) = postSolution
		SolutionGuid = {5649944A-5B15-4B54-A158-EDE8E1402C4C}
	EndGlobalSection
EndGlobal
